// !$*UTF8*$!
{
	archiveVersion = 1;
	classes = {
	};
	objectVersion = 51;
	objects = {

/* Begin PBXBuildFile section */
		B01C1399267E63130078E584 /* Encodable.swift in Sources */ = {isa = PBXBuildFile; fileRef = B01C1398267E63130078E584 /* Encodable.swift */; };
		B029AD012662313400279911 /* MapAnnotationButton.swift in Sources */ = {isa = PBXBuildFile; fileRef = B029AD002662313400279911 /* MapAnnotationButton.swift */; };
		B029AD03266237E200279911 /* MainView.swift in Sources */ = {isa = PBXBuildFile; fileRef = B029AD02266237E200279911 /* MainView.swift */; };
		B029AD0526623C9500279911 /* AccountView.swift in Sources */ = {isa = PBXBuildFile; fileRef = B029AD0426623C9500279911 /* AccountView.swift */; };
		B029AD0826623EBD00279911 /* AddProductView.swift in Sources */ = {isa = PBXBuildFile; fileRef = B029AD0726623EBD00279911 /* AddProductView.swift */; };
		B029AD0A2662545800279911 /* PercentEncoding.swift in Sources */ = {isa = PBXBuildFile; fileRef = B029AD092662545800279911 /* PercentEncoding.swift */; };
		B029AD0C2662925700279911 /* DetailBottomView.swift in Sources */ = {isa = PBXBuildFile; fileRef = B029AD0B2662925700279911 /* DetailBottomView.swift */; };
		B029AD1026629C0D00279911 /* View.swift in Sources */ = {isa = PBXBuildFile; fileRef = B029AD0F26629C0D00279911 /* View.swift */; };
		B029AD142663A02900279911 /* ItemDetailView.swift in Sources */ = {isa = PBXBuildFile; fileRef = B029AD132663A02900279911 /* ItemDetailView.swift */; };
		B051EAD62664CF2A002CF297 /* UserObjectManager.swift in Sources */ = {isa = PBXBuildFile; fileRef = B051EAD52664CF2A002CF297 /* UserObjectManager.swift */; };
		B051EAD82664D05A002CF297 /* UserObject.swift in Sources */ = {isa = PBXBuildFile; fileRef = B051EAD72664D05A002CF297 /* UserObject.swift */; };
		B051EADA26662E2B002CF297 /* InventoryCollectionView.swift in Sources */ = {isa = PBXBuildFile; fileRef = B051EAD926662E2B002CF297 /* InventoryCollectionView.swift */; };
		B051EADF26662FBE002CF297 /* InventoryItemView.swift in Sources */ = {isa = PBXBuildFile; fileRef = B051EADE26662FBE002CF297 /* InventoryItemView.swift */; };
		B05F67FE2667681300A58505 /* PhotoPickerViews.swift in Sources */ = {isa = PBXBuildFile; fileRef = B05F67FD2667681300A58505 /* PhotoPickerViews.swift */; };
		B06F7978264A6B5500049EF2 /* Fairleih_iOSApp.swift in Sources */ = {isa = PBXBuildFile; fileRef = B06F7977264A6B5500049EF2 /* Fairleih_iOSApp.swift */; };
		B06F797A264A6B5500049EF2 /* MapView.swift in Sources */ = {isa = PBXBuildFile; fileRef = B06F7979264A6B5500049EF2 /* MapView.swift */; };
		B06F797C264A6B5700049EF2 /* Assets.xcassets in Resources */ = {isa = PBXBuildFile; fileRef = B06F797B264A6B5700049EF2 /* Assets.xcassets */; };
		B06F797F264A6B5700049EF2 /* Preview Assets.xcassets in Resources */ = {isa = PBXBuildFile; fileRef = B06F797E264A6B5700049EF2 /* Preview Assets.xcassets */; };
		B06F7987264A6E2800049EF2 /* BackendClient.swift in Sources */ = {isa = PBXBuildFile; fileRef = B06F7986264A6E2800049EF2 /* BackendClient.swift */; };
		B06F798D264A76D700049EF2 /* LocationManager.swift in Sources */ = {isa = PBXBuildFile; fileRef = B06F798C264A76D700049EF2 /* LocationManager.swift */; };
		B0D4FB12267D0DBB00BADF68 /* EditAccountView.swift in Sources */ = {isa = PBXBuildFile; fileRef = B0D4FB11267D0DBB00BADF68 /* EditAccountView.swift */; };
		B0E182172664140300F20D27 /* InventoryView.swift in Sources */ = {isa = PBXBuildFile; fileRef = B0E182162664140300F20D27 /* InventoryView.swift */; };
		B0F01F61265FAFA300BDFA18 /* Product.swift in Sources */ = {isa = PBXBuildFile; fileRef = B0F01F60265FAFA300BDFA18 /* Product.swift */; };
		B0F37CC3265ECC7000D7905E /* LoginView.swift in Sources */ = {isa = PBXBuildFile; fileRef = B0F37CC2265ECC7000D7905E /* LoginView.swift */; };
		B0F37CC5265ECFFC00D7905E /* GoogleService-Info.plist in Resources */ = {isa = PBXBuildFile; fileRef = B0F37CC4265ECFFC00D7905E /* GoogleService-Info.plist */; };
		B0F37CC7265EDAD500D7905E /* SignupView.swift in Sources */ = {isa = PBXBuildFile; fileRef = B0F37CC6265EDAD400D7905E /* SignupView.swift */; };
		B0F37CC9265EE8AA00D7905E /* AuthenticationManager.swift in Sources */ = {isa = PBXBuildFile; fileRef = B0F37CC8265EE8AA00D7905E /* AuthenticationManager.swift */; };
		B20921BBE41D51D41EF5AA64 /* Pods_Fairleih_iOS.framework in Frameworks */ = {isa = PBXBuildFile; fileRef = C9E465A03291B4E422354D3C /* Pods_Fairleih_iOS.framework */; };
/* End PBXBuildFile section */

/* Begin PBXFileReference section */
		B01C1398267E63130078E584 /* Encodable.swift */ = {isa = PBXFileReference; lastKnownFileType = sourcecode.swift; path = Encodable.swift; sourceTree = "<group>"; };
		B029AD002662313400279911 /* MapAnnotationButton.swift */ = {isa = PBXFileReference; lastKnownFileType = sourcecode.swift; path = MapAnnotationButton.swift; sourceTree = "<group>"; };
		B029AD02266237E200279911 /* MainView.swift */ = {isa = PBXFileReference; lastKnownFileType = sourcecode.swift; path = MainView.swift; sourceTree = "<group>"; };
		B029AD0426623C9500279911 /* AccountView.swift */ = {isa = PBXFileReference; lastKnownFileType = sourcecode.swift; path = AccountView.swift; sourceTree = "<group>"; };
		B029AD0726623EBD00279911 /* AddProductView.swift */ = {isa = PBXFileReference; lastKnownFileType = sourcecode.swift; path = AddProductView.swift; sourceTree = "<group>"; };
		B029AD092662545800279911 /* PercentEncoding.swift */ = {isa = PBXFileReference; lastKnownFileType = sourcecode.swift; path = PercentEncoding.swift; sourceTree = "<group>"; };
		B029AD0B2662925700279911 /* DetailBottomView.swift */ = {isa = PBXFileReference; lastKnownFileType = sourcecode.swift; path = DetailBottomView.swift; sourceTree = "<group>"; };
		B029AD0F26629C0D00279911 /* View.swift */ = {isa = PBXFileReference; lastKnownFileType = sourcecode.swift; path = View.swift; sourceTree = "<group>"; };
		B029AD132663A02900279911 /* ItemDetailView.swift */ = {isa = PBXFileReference; lastKnownFileType = sourcecode.swift; path = ItemDetailView.swift; sourceTree = "<group>"; };
		B051EAD52664CF2A002CF297 /* UserObjectManager.swift */ = {isa = PBXFileReference; lastKnownFileType = sourcecode.swift; path = UserObjectManager.swift; sourceTree = "<group>"; };
		B051EAD72664D05A002CF297 /* UserObject.swift */ = {isa = PBXFileReference; lastKnownFileType = sourcecode.swift; path = UserObject.swift; sourceTree = "<group>"; };
		B051EAD926662E2B002CF297 /* InventoryCollectionView.swift */ = {isa = PBXFileReference; lastKnownFileType = sourcecode.swift; path = InventoryCollectionView.swift; sourceTree = "<group>"; };
		B051EADE26662FBE002CF297 /* InventoryItemView.swift */ = {isa = PBXFileReference; lastKnownFileType = sourcecode.swift; path = InventoryItemView.swift; sourceTree = "<group>"; };
		B05F67FD2667681300A58505 /* PhotoPickerViews.swift */ = {isa = PBXFileReference; lastKnownFileType = sourcecode.swift; path = PhotoPickerViews.swift; sourceTree = "<group>"; };
		B06F7974264A6B5500049EF2 /* Fairleih-iOS.app */ = {isa = PBXFileReference; explicitFileType = wrapper.application; includeInIndex = 0; path = "Fairleih-iOS.app"; sourceTree = BUILT_PRODUCTS_DIR; };
		B06F7977264A6B5500049EF2 /* Fairleih_iOSApp.swift */ = {isa = PBXFileReference; lastKnownFileType = sourcecode.swift; path = Fairleih_iOSApp.swift; sourceTree = "<group>"; };
		B06F7979264A6B5500049EF2 /* MapView.swift */ = {isa = PBXFileReference; lastKnownFileType = sourcecode.swift; path = MapView.swift; sourceTree = "<group>"; };
		B06F797B264A6B5700049EF2 /* Assets.xcassets */ = {isa = PBXFileReference; lastKnownFileType = folder.assetcatalog; path = Assets.xcassets; sourceTree = "<group>"; };
		B06F797E264A6B5700049EF2 /* Preview Assets.xcassets */ = {isa = PBXFileReference; lastKnownFileType = folder.assetcatalog; path = "Preview Assets.xcassets"; sourceTree = "<group>"; };
		B06F7980264A6B5700049EF2 /* Info.plist */ = {isa = PBXFileReference; lastKnownFileType = text.plist.xml; path = Info.plist; sourceTree = "<group>"; };
		B06F7986264A6E2800049EF2 /* BackendClient.swift */ = {isa = PBXFileReference; lastKnownFileType = sourcecode.swift; path = BackendClient.swift; sourceTree = "<group>"; };
		B06F798C264A76D700049EF2 /* LocationManager.swift */ = {isa = PBXFileReference; lastKnownFileType = sourcecode.swift; path = LocationManager.swift; sourceTree = "<group>"; };
		B0D4FB11267D0DBB00BADF68 /* EditAccountView.swift */ = {isa = PBXFileReference; lastKnownFileType = sourcecode.swift; path = EditAccountView.swift; sourceTree = "<group>"; };
		B0E182162664140300F20D27 /* InventoryView.swift */ = {isa = PBXFileReference; lastKnownFileType = sourcecode.swift; path = InventoryView.swift; sourceTree = "<group>"; };
		B0F01F60265FAFA300BDFA18 /* Product.swift */ = {isa = PBXFileReference; lastKnownFileType = sourcecode.swift; path = Product.swift; sourceTree = "<group>"; };
		B0F37CC2265ECC7000D7905E /* LoginView.swift */ = {isa = PBXFileReference; lastKnownFileType = sourcecode.swift; path = LoginView.swift; sourceTree = "<group>"; };
		B0F37CC4265ECFFC00D7905E /* GoogleService-Info.plist */ = {isa = PBXFileReference; fileEncoding = 4; lastKnownFileType = text.plist.xml; path = "GoogleService-Info.plist"; sourceTree = "<group>"; };
		B0F37CC6265EDAD400D7905E /* SignupView.swift */ = {isa = PBXFileReference; lastKnownFileType = sourcecode.swift; path = SignupView.swift; sourceTree = "<group>"; };
		B0F37CC8265EE8AA00D7905E /* AuthenticationManager.swift */ = {isa = PBXFileReference; lastKnownFileType = sourcecode.swift; path = AuthenticationManager.swift; sourceTree = "<group>"; };
		B18970A9C174AD27CC4B537B /* Pods-Fairleih-iOS.debug.xcconfig */ = {isa = PBXFileReference; includeInIndex = 1; lastKnownFileType = text.xcconfig; name = "Pods-Fairleih-iOS.debug.xcconfig"; path = "Target Support Files/Pods-Fairleih-iOS/Pods-Fairleih-iOS.debug.xcconfig"; sourceTree = "<group>"; };
		C9E465A03291B4E422354D3C /* Pods_Fairleih_iOS.framework */ = {isa = PBXFileReference; explicitFileType = wrapper.framework; includeInIndex = 0; path = Pods_Fairleih_iOS.framework; sourceTree = BUILT_PRODUCTS_DIR; };
		ED20EF8E80C52037F01618E3 /* Pods-Fairleih-iOS.release.xcconfig */ = {isa = PBXFileReference; includeInIndex = 1; lastKnownFileType = text.xcconfig; name = "Pods-Fairleih-iOS.release.xcconfig"; path = "Target Support Files/Pods-Fairleih-iOS/Pods-Fairleih-iOS.release.xcconfig"; sourceTree = "<group>"; };
/* End PBXFileReference section */

/* Begin PBXFrameworksBuildPhase section */
		B06F7971264A6B5500049EF2 /* Frameworks */ = {
			isa = PBXFrameworksBuildPhase;
			buildActionMask = 2147483647;
			files = (
				B20921BBE41D51D41EF5AA64 /* Pods_Fairleih_iOS.framework in Frameworks */,
			);
			runOnlyForDeploymentPostprocessing = 0;
		};
/* End PBXFrameworksBuildPhase section */

/* Begin PBXGroup section */
		731D49436CA373D7ABEDA15D /* Frameworks */ = {
			isa = PBXGroup;
			children = (
				C9E465A03291B4E422354D3C /* Pods_Fairleih_iOS.framework */,
			);
			name = Frameworks;
			sourceTree = "<group>";
		};
		78E16584038F1B578A98B2AF /* Pods */ = {
			isa = PBXGroup;
			children = (
				B18970A9C174AD27CC4B537B /* Pods-Fairleih-iOS.debug.xcconfig */,
				ED20EF8E80C52037F01618E3 /* Pods-Fairleih-iOS.release.xcconfig */,
			);
			path = Pods;
			sourceTree = "<group>";
		};
		B01C139A267FE1390078E584 /* Managers */ = {
			isa = PBXGroup;
			children = (
				B051EAD52664CF2A002CF297 /* UserObjectManager.swift */,
				B06F7986264A6E2800049EF2 /* BackendClient.swift */,
				B0F37CC8265EE8AA00D7905E /* AuthenticationManager.swift */,
				B06F798C264A76D700049EF2 /* LocationManager.swift */,
			);
			path = Managers;
			sourceTree = "<group>";
		};
		B01C139B267FE17E0078E584 /* Structures */ = {
			isa = PBXGroup;
			children = (
				B051EAD72664D05A002CF297 /* UserObject.swift */,
				B0F01F60265FAFA300BDFA18 /* Product.swift */,
			);
			path = Structures;
			sourceTree = "<group>";
		};
		B01C139C267FE18F0078E584 /* Extensions */ = {
			isa = PBXGroup;
			children = (
				B01C1398267E63130078E584 /* Encodable.swift */,
				B029AD0F26629C0D00279911 /* View.swift */,
				B029AD092662545800279911 /* PercentEncoding.swift */,
			);
			path = Extensions;
			sourceTree = "<group>";
		};
		B029AD0626623E2D00279911 /* Views */ = {
			isa = PBXGroup;
			children = (
				B029AD02266237E200279911 /* MainView.swift */,
				B051EADB26662F39002CF297 /* MapView */,
				B051EADC26662F60002CF297 /* InventoryView */,
				B0DAC6CE2668D156005A33DA /* AccountView */,
				B051EADD26662F72002CF297 /* Authentication */,
			);
			path = Views;
			sourceTree = "<group>";
		};
		B051EADB26662F39002CF297 /* MapView */ = {
			isa = PBXGroup;
			children = (
				B06F7979264A6B5500049EF2 /* MapView.swift */,
				B029AD0B2662925700279911 /* DetailBottomView.swift */,
				B029AD002662313400279911 /* MapAnnotationButton.swift */,
				B029AD132663A02900279911 /* ItemDetailView.swift */,
			);
			path = MapView;
			sourceTree = "<group>";
		};
		B051EADC26662F60002CF297 /* InventoryView */ = {
			isa = PBXGroup;
			children = (
				B0E182162664140300F20D27 /* InventoryView.swift */,
				B051EAD926662E2B002CF297 /* InventoryCollectionView.swift */,
				B051EADE26662FBE002CF297 /* InventoryItemView.swift */,
				B029AD0726623EBD00279911 /* AddProductView.swift */,
				B05F67FD2667681300A58505 /* PhotoPickerViews.swift */,
			);
			path = InventoryView;
			sourceTree = "<group>";
		};
		B051EADD26662F72002CF297 /* Authentication */ = {
			isa = PBXGroup;
			children = (
				B0F37CC6265EDAD400D7905E /* SignupView.swift */,
				B0F37CC2265ECC7000D7905E /* LoginView.swift */,
			);
			path = Authentication;
			sourceTree = "<group>";
		};
		B06F796B264A6B5500049EF2 = {
			isa = PBXGroup;
			children = (
				B06F7976264A6B5500049EF2 /* Fairleih-iOS */,
				B06F7975264A6B5500049EF2 /* Products */,
				78E16584038F1B578A98B2AF /* Pods */,
				731D49436CA373D7ABEDA15D /* Frameworks */,
			);
			sourceTree = "<group>";
		};
		B06F7975264A6B5500049EF2 /* Products */ = {
			isa = PBXGroup;
			children = (
				B06F7974264A6B5500049EF2 /* Fairleih-iOS.app */,
			);
			name = Products;
			sourceTree = "<group>";
		};
		B06F7976264A6B5500049EF2 /* Fairleih-iOS */ = {
			isa = PBXGroup;
			children = (
				B06F7977264A6B5500049EF2 /* Fairleih_iOSApp.swift */,
				B029AD0626623E2D00279911 /* Views */,
				B01C139A267FE1390078E584 /* Managers */,
				B01C139B267FE17E0078E584 /* Structures */,
				B01C139C267FE18F0078E584 /* Extensions */,
				B06F797B264A6B5700049EF2 /* Assets.xcassets */,
				B06F7980264A6B5700049EF2 /* Info.plist */,
				B0F37CC4265ECFFC00D7905E /* GoogleService-Info.plist */,
				B06F797D264A6B5700049EF2 /* Preview Content */,
			);
			path = "Fairleih-iOS";
			sourceTree = "<group>";
		};
		B06F797D264A6B5700049EF2 /* Preview Content */ = {
			isa = PBXGroup;
			children = (
				B06F797E264A6B5700049EF2 /* Preview Assets.xcassets */,
			);
			path = "Preview Content";
			sourceTree = "<group>";
		};
		B0DAC6CE2668D156005A33DA /* AccountView */ = {
			isa = PBXGroup;
			children = (
				B029AD0426623C9500279911 /* AccountView.swift */,
				B0D4FB11267D0DBB00BADF68 /* EditAccountView.swift */,
			);
			path = AccountView;
			sourceTree = "<group>";
		};
/* End PBXGroup section */

/* Begin PBXNativeTarget section */
		B06F7973264A6B5500049EF2 /* Fairleih-iOS */ = {
			isa = PBXNativeTarget;
			buildConfigurationList = B06F7983264A6B5700049EF2 /* Build configuration list for PBXNativeTarget "Fairleih-iOS" */;
			buildPhases = (
				82016D4655FCFEA947401BE6 /* [CP] Check Pods Manifest.lock */,
				B06F7970264A6B5500049EF2 /* Sources */,
				B06F7971264A6B5500049EF2 /* Frameworks */,
				B06F7972264A6B5500049EF2 /* Resources */,
				7AA1B7C07ECBC377E48DC3AC /* [CP] Embed Pods Frameworks */,
			);
			buildRules = (
			);
			dependencies = (
			);
			name = "Fairleih-iOS";
			productName = "Fairleih-iOS";
			productReference = B06F7974264A6B5500049EF2 /* Fairleih-iOS.app */;
			productType = "com.apple.product-type.application";
		};
/* End PBXNativeTarget section */

/* Begin PBXProject section */
		B06F796C264A6B5500049EF2 /* Project object */ = {
			isa = PBXProject;
			attributes = {
				LastSwiftUpdateCheck = 1250;
				LastUpgradeCheck = 1250;
				TargetAttributes = {
					B06F7973264A6B5500049EF2 = {
						CreatedOnToolsVersion = 12.5;
					};
				};
			};
			buildConfigurationList = B06F796F264A6B5500049EF2 /* Build configuration list for PBXProject "Fairleih-iOS" */;
			compatibilityVersion = "Xcode 9.3";
			developmentRegion = en;
			hasScannedForEncodings = 0;
			knownRegions = (
				en,
				Base,
			);
			mainGroup = B06F796B264A6B5500049EF2;
			productRefGroup = B06F7975264A6B5500049EF2 /* Products */;
			projectDirPath = "";
			projectRoot = "";
			targets = (
				B06F7973264A6B5500049EF2 /* Fairleih-iOS */,
			);
		};
/* End PBXProject section */

/* Begin PBXResourcesBuildPhase section */
		B06F7972264A6B5500049EF2 /* Resources */ = {
			isa = PBXResourcesBuildPhase;
			buildActionMask = 2147483647;
			files = (
				B06F797F264A6B5700049EF2 /* Preview Assets.xcassets in Resources */,
				B06F797C264A6B5700049EF2 /* Assets.xcassets in Resources */,
				B0F37CC5265ECFFC00D7905E /* GoogleService-Info.plist in Resources */,
			);
			runOnlyForDeploymentPostprocessing = 0;
		};
/* End PBXResourcesBuildPhase section */

/* Begin PBXShellScriptBuildPhase section */
		7AA1B7C07ECBC377E48DC3AC /* [CP] Embed Pods Frameworks */ = {
			isa = PBXShellScriptBuildPhase;
			buildActionMask = 2147483647;
			files = (
			);
			inputFileListPaths = (
				"${PODS_ROOT}/Target Support Files/Pods-Fairleih-iOS/Pods-Fairleih-iOS-frameworks-${CONFIGURATION}-input-files.xcfilelist",
			);
			name = "[CP] Embed Pods Frameworks";
			outputFileListPaths = (
				"${PODS_ROOT}/Target Support Files/Pods-Fairleih-iOS/Pods-Fairleih-iOS-frameworks-${CONFIGURATION}-output-files.xcfilelist",
			);
			runOnlyForDeploymentPostprocessing = 0;
			shellPath = /bin/sh;
			shellScript = "\"${PODS_ROOT}/Target Support Files/Pods-Fairleih-iOS/Pods-Fairleih-iOS-frameworks.sh\"\n";
			showEnvVarsInLog = 0;
		};
		82016D4655FCFEA947401BE6 /* [CP] Check Pods Manifest.lock */ = {
			isa = PBXShellScriptBuildPhase;
			buildActionMask = 2147483647;
			files = (
			);
			inputFileListPaths = (
			);
			inputPaths = (
				"${PODS_PODFILE_DIR_PATH}/Podfile.lock",
				"${PODS_ROOT}/Manifest.lock",
			);
			name = "[CP] Check Pods Manifest.lock";
			outputFileListPaths = (
			);
			outputPaths = (
				"$(DERIVED_FILE_DIR)/Pods-Fairleih-iOS-checkManifestLockResult.txt",
			);
			runOnlyForDeploymentPostprocessing = 0;
			shellPath = /bin/sh;
			shellScript = "diff \"${PODS_PODFILE_DIR_PATH}/Podfile.lock\" \"${PODS_ROOT}/Manifest.lock\" > /dev/null\nif [ $? != 0 ] ; then\n    # print error to STDERR\n    echo \"error: The sandbox is not in sync with the Podfile.lock. Run 'pod install' or update your CocoaPods installation.\" >&2\n    exit 1\nfi\n# This output is used by Xcode 'outputs' to avoid re-running this script phase.\necho \"SUCCESS\" > \"${SCRIPT_OUTPUT_FILE_0}\"\n";
			showEnvVarsInLog = 0;
		};
/* End PBXShellScriptBuildPhase section */

/* Begin PBXSourcesBuildPhase section */
		B06F7970264A6B5500049EF2 /* Sources */ = {
			isa = PBXSourcesBuildPhase;
			buildActionMask = 2147483647;
			files = (
				B05F67FE2667681300A58505 /* PhotoPickerViews.swift in Sources */,
				B029AD0826623EBD00279911 /* AddProductView.swift in Sources */,
				B029AD012662313400279911 /* MapAnnotationButton.swift in Sources */,
				B0F37CC3265ECC7000D7905E /* LoginView.swift in Sources */,
				B0E182172664140300F20D27 /* InventoryView.swift in Sources */,
				B0F01F61265FAFA300BDFA18 /* Product.swift in Sources */,
				B0D4FB12267D0DBB00BADF68 /* EditAccountView.swift in Sources */,
				B029AD03266237E200279911 /* MainView.swift in Sources */,
				B029AD0526623C9500279911 /* AccountView.swift in Sources */,
				B029AD0C2662925700279911 /* DetailBottomView.swift in Sources */,
				B051EAD82664D05A002CF297 /* UserObject.swift in Sources */,
				B051EADA26662E2B002CF297 /* InventoryCollectionView.swift in Sources */,
				B06F798D264A76D700049EF2 /* LocationManager.swift in Sources */,
				B029AD142663A02900279911 /* ItemDetailView.swift in Sources */,
				B01C1399267E63130078E584 /* Encodable.swift in Sources */,
				B0F37CC9265EE8AA00D7905E /* AuthenticationManager.swift in Sources */,
				B029AD0A2662545800279911 /* PercentEncoding.swift in Sources */,
				B029AD1026629C0D00279911 /* View.swift in Sources */,
				B06F7987264A6E2800049EF2 /* BackendClient.swift in Sources */,
				B051EADF26662FBE002CF297 /* InventoryItemView.swift in Sources */,
				B06F797A264A6B5500049EF2 /* MapView.swift in Sources */,
				B06F7978264A6B5500049EF2 /* Fairleih_iOSApp.swift in Sources */,
				B0F37CC7265EDAD500D7905E /* SignupView.swift in Sources */,
				B051EAD62664CF2A002CF297 /* UserObjectManager.swift in Sources */,
			);
			runOnlyForDeploymentPostprocessing = 0;
		};
/* End PBXSourcesBuildPhase section */

/* Begin XCBuildConfiguration section */
		B06F7981264A6B5700049EF2 /* Debug */ = {
			isa = XCBuildConfiguration;
			buildSettings = {
				ALWAYS_SEARCH_USER_PATHS = NO;
				CLANG_ANALYZER_NONNULL = YES;
				CLANG_ANALYZER_NUMBER_OBJECT_CONVERSION = YES_AGGRESSIVE;
				CLANG_CXX_LANGUAGE_STANDARD = "gnu++14";
				CLANG_CXX_LIBRARY = "libc++";
				CLANG_ENABLE_MODULES = YES;
				CLANG_ENABLE_OBJC_ARC = YES;
				CLANG_ENABLE_OBJC_WEAK = YES;
				CLANG_WARN_BLOCK_CAPTURE_AUTORELEASING = YES;
				CLANG_WARN_BOOL_CONVERSION = YES;
				CLANG_WARN_COMMA = YES;
				CLANG_WARN_CONSTANT_CONVERSION = YES;
				CLANG_WARN_DEPRECATED_OBJC_IMPLEMENTATIONS = YES;
				CLANG_WARN_DIRECT_OBJC_ISA_USAGE = YES_ERROR;
				CLANG_WARN_DOCUMENTATION_COMMENTS = YES;
				CLANG_WARN_EMPTY_BODY = YES;
				CLANG_WARN_ENUM_CONVERSION = YES;
				CLANG_WARN_INFINITE_RECURSION = YES;
				CLANG_WARN_INT_CONVERSION = YES;
				CLANG_WARN_NON_LITERAL_NULL_CONVERSION = YES;
				CLANG_WARN_OBJC_IMPLICIT_RETAIN_SELF = YES;
				CLANG_WARN_OBJC_LITERAL_CONVERSION = YES;
				CLANG_WARN_OBJC_ROOT_CLASS = YES_ERROR;
				CLANG_WARN_QUOTED_INCLUDE_IN_FRAMEWORK_HEADER = YES;
				CLANG_WARN_RANGE_LOOP_ANALYSIS = YES;
				CLANG_WARN_STRICT_PROTOTYPES = YES;
				CLANG_WARN_SUSPICIOUS_MOVE = YES;
				CLANG_WARN_UNGUARDED_AVAILABILITY = YES_AGGRESSIVE;
				CLANG_WARN_UNREACHABLE_CODE = YES;
				CLANG_WARN__DUPLICATE_METHOD_MATCH = YES;
				COPY_PHASE_STRIP = NO;
				DEBUG_INFORMATION_FORMAT = dwarf;
				ENABLE_STRICT_OBJC_MSGSEND = YES;
				ENABLE_TESTABILITY = YES;
				GCC_C_LANGUAGE_STANDARD = gnu11;
				GCC_DYNAMIC_NO_PIC = NO;
				GCC_NO_COMMON_BLOCKS = YES;
				GCC_OPTIMIZATION_LEVEL = 0;
				GCC_PREPROCESSOR_DEFINITIONS = (
					"DEBUG=1",
					"$(inherited)",
				);
				GCC_WARN_64_TO_32_BIT_CONVERSION = YES;
				GCC_WARN_ABOUT_RETURN_TYPE = YES_ERROR;
				GCC_WARN_UNDECLARED_SELECTOR = YES;
				GCC_WARN_UNINITIALIZED_AUTOS = YES_AGGRESSIVE;
				GCC_WARN_UNUSED_FUNCTION = YES;
				GCC_WARN_UNUSED_VARIABLE = YES;
				IPHONEOS_DEPLOYMENT_TARGET = 14.5;
				MTL_ENABLE_DEBUG_INFO = INCLUDE_SOURCE;
				MTL_FAST_MATH = YES;
				ONLY_ACTIVE_ARCH = YES;
				SDKROOT = iphoneos;
				SWIFT_ACTIVE_COMPILATION_CONDITIONS = DEBUG;
				SWIFT_OPTIMIZATION_LEVEL = "-Onone";
			};
			name = Debug;
		};
		B06F7982264A6B5700049EF2 /* Release */ = {
			isa = XCBuildConfiguration;
			buildSettings = {
				ALWAYS_SEARCH_USER_PATHS = NO;
				CLANG_ANALYZER_NONNULL = YES;
				CLANG_ANALYZER_NUMBER_OBJECT_CONVERSION = YES_AGGRESSIVE;
				CLANG_CXX_LANGUAGE_STANDARD = "gnu++14";
				CLANG_CXX_LIBRARY = "libc++";
				CLANG_ENABLE_MODULES = YES;
				CLANG_ENABLE_OBJC_ARC = YES;
				CLANG_ENABLE_OBJC_WEAK = YES;
				CLANG_WARN_BLOCK_CAPTURE_AUTORELEASING = YES;
				CLANG_WARN_BOOL_CONVERSION = YES;
				CLANG_WARN_COMMA = YES;
				CLANG_WARN_CONSTANT_CONVERSION = YES;
				CLANG_WARN_DEPRECATED_OBJC_IMPLEMENTATIONS = YES;
				CLANG_WARN_DIRECT_OBJC_ISA_USAGE = YES_ERROR;
				CLANG_WARN_DOCUMENTATION_COMMENTS = YES;
				CLANG_WARN_EMPTY_BODY = YES;
				CLANG_WARN_ENUM_CONVERSION = YES;
				CLANG_WARN_INFINITE_RECURSION = YES;
				CLANG_WARN_INT_CONVERSION = YES;
				CLANG_WARN_NON_LITERAL_NULL_CONVERSION = YES;
				CLANG_WARN_OBJC_IMPLICIT_RETAIN_SELF = YES;
				CLANG_WARN_OBJC_LITERAL_CONVERSION = YES;
				CLANG_WARN_OBJC_ROOT_CLASS = YES_ERROR;
				CLANG_WARN_QUOTED_INCLUDE_IN_FRAMEWORK_HEADER = YES;
				CLANG_WARN_RANGE_LOOP_ANALYSIS = YES;
				CLANG_WARN_STRICT_PROTOTYPES = YES;
				CLANG_WARN_SUSPICIOUS_MOVE = YES;
				CLANG_WARN_UNGUARDED_AVAILABILITY = YES_AGGRESSIVE;
				CLANG_WARN_UNREACHABLE_CODE = YES;
				CLANG_WARN__DUPLICATE_METHOD_MATCH = YES;
				COPY_PHASE_STRIP = NO;
				DEBUG_INFORMATION_FORMAT = "dwarf-with-dsym";
				ENABLE_NS_ASSERTIONS = NO;
				ENABLE_STRICT_OBJC_MSGSEND = YES;
				GCC_C_LANGUAGE_STANDARD = gnu11;
				GCC_NO_COMMON_BLOCKS = YES;
				GCC_WARN_64_TO_32_BIT_CONVERSION = YES;
				GCC_WARN_ABOUT_RETURN_TYPE = YES_ERROR;
				GCC_WARN_UNDECLARED_SELECTOR = YES;
				GCC_WARN_UNINITIALIZED_AUTOS = YES_AGGRESSIVE;
				GCC_WARN_UNUSED_FUNCTION = YES;
				GCC_WARN_UNUSED_VARIABLE = YES;
				IPHONEOS_DEPLOYMENT_TARGET = 14.5;
				MTL_ENABLE_DEBUG_INFO = NO;
				MTL_FAST_MATH = YES;
				SDKROOT = iphoneos;
				SWIFT_COMPILATION_MODE = wholemodule;
				SWIFT_OPTIMIZATION_LEVEL = "-O";
				VALIDATE_PRODUCT = YES;
			};
			name = Release;
		};
		B06F7984264A6B5700049EF2 /* Debug */ = {
			isa = XCBuildConfiguration;
			baseConfigurationReference = B18970A9C174AD27CC4B537B /* Pods-Fairleih-iOS.debug.xcconfig */;
			buildSettings = {
				ASSETCATALOG_COMPILER_APPICON_NAME = AppIcon;
				ASSETCATALOG_COMPILER_GLOBAL_ACCENT_COLOR_NAME = AccentColor;
				CODE_SIGN_STYLE = Automatic;
				DEVELOPMENT_ASSET_PATHS = "\"Fairleih-iOS/Preview Content\"";
				DEVELOPMENT_TEAM = KVCPY3737Z;
				ENABLE_PREVIEWS = YES;
				INFOPLIST_FILE = "Fairleih-iOS/Info.plist";
				IPHONEOS_DEPLOYMENT_TARGET = 14.0;
				LD_RUNPATH_SEARCH_PATHS = (
					"$(inherited)",
					"@executable_path/Frameworks",
				);
				PRODUCT_BUNDLE_IDENTIFIER = "fynnkiwitt.Fairleih-iOS";
				PRODUCT_NAME = "$(TARGET_NAME)";
				SWIFT_VERSION = 5.0;
				TARGETED_DEVICE_FAMILY = "1,2";
			};
			name = Debug;
		};
		B06F7985264A6B5700049EF2 /* Release */ = {
			isa = XCBuildConfiguration;
			baseConfigurationReference = ED20EF8E80C52037F01618E3 /* Pods-Fairleih-iOS.release.xcconfig */;
			buildSettings = {
				ASSETCATALOG_COMPILER_APPICON_NAME = AppIcon;
				ASSETCATALOG_COMPILER_GLOBAL_ACCENT_COLOR_NAME = AccentColor;
				CODE_SIGN_STYLE = Automatic;
				DEVELOPMENT_ASSET_PATHS = "\"Fairleih-iOS/Preview Content\"";
				DEVELOPMENT_TEAM = KVCPY3737Z;
				ENABLE_PREVIEWS = YES;
				INFOPLIST_FILE = "Fairleih-iOS/Info.plist";
				IPHONEOS_DEPLOYMENT_TARGET = 14.0;
				LD_RUNPATH_SEARCH_PATHS = (
					"$(inherited)",
					"@executable_path/Frameworks",
				);
				PRODUCT_BUNDLE_IDENTIFIER = "fynnkiwitt.Fairleih-iOS";
				PRODUCT_NAME = "$(TARGET_NAME)";
				SWIFT_VERSION = 5.0;
				TARGETED_DEVICE_FAMILY = "1,2";
			};
			name = Release;
		};
/* End XCBuildConfiguration section */

/* Begin XCConfigurationList section */
		B06F796F264A6B5500049EF2 /* Build configuration list for PBXProject "Fairleih-iOS" */ = {
			isa = XCConfigurationList;
			buildConfigurations = (
				B06F7981264A6B5700049EF2 /* Debug */,
				B06F7982264A6B5700049EF2 /* Release */,
			);
			defaultConfigurationIsVisible = 0;
			defaultConfigurationName = Release;
		};
		B06F7983264A6B5700049EF2 /* Build configuration list for PBXNativeTarget "Fairleih-iOS" */ = {
			isa = XCConfigurationList;
			buildConfigurations = (
				B06F7984264A6B5700049EF2 /* Debug */,
				B06F7985264A6B5700049EF2 /* Release */,
			);
			defaultConfigurationIsVisible = 0;
			defaultConfigurationName = Release;
		};
/* End XCConfigurationList section */
	};
	rootObject = B06F796C264A6B5500049EF2 /* Project object */;
}
