{
  "object": {
    "pins": [
      {
        "package": "BottomSheet",
        "repositoryURL": "https://github.com/LucasMucGH/BottomSheet",
        "state": {
          "branch": null,
          "revision": "953c9a53d05ed7b61ae50a476758a97b7291da0a",
          "version": "2.4.0"
        }
      },
      {
        "package": "Reg",
        "repositoryURL": "https://github.com/yhkaplan/Reg.git",
        "state": {
          "branch": null,
          "revision": "c8f1f51bc088708b3b3ecf04523b5bedd6914222",
          "version": "0.3.0"
        }
      },
      {
        "package": "SweetCardScanner",
        "repositoryURL": "https://github.com/aaronLab/SweetCardScanner.git",
        "state": {
          "branch": null,
          "revision": "fabdaec839b23856a5f1c843086950211fe25644",
          "version": "1.0.3"
        }
      },
      {
        "package": "Sliders",
        "repositoryURL": "git@github.com:spacenation/swiftui-sliders.git",
        "state": {
          "branch": null,
          "revision": "5109792d45a53c3c41680b8bdb0602b5dde39c9a",
          "version": "1.0.0"
        }
      }
    ]
  },
  "version": 1
}
